
Microsoft Visual Studio Solution File, Format Version 12.00
# Visual Studio 15
VisualStudioVersion = 15.0.26228.4
MinimumVisualStudioVersion = 10.0.40219.1
Project("{FAE04EC0-301F-11D3-BF4B-00C04F79EFBC}") = "one.OneDot", "onedot\one.OneDot.csproj", "{F35F582B-CE39-4CD4-9AAE-991FA00A7C5B}"
EndProject
Project("{FAE04EC0-301F-11D3-BF4B-00C04F79EFBC}") = "one.Res", "one.Res\one.Res.csproj", "{C682A8E3-2001-469F-94F3-34FCDA9084C4}"
EndProject
Project("{FAE04EC0-301F-11D3-BF4B-00C04F79EFBC}") = "one.Core", "one.Core\one.Core.csproj", "{78718A1C-2845-4909-84A6-5B66A55567E9}"
EndProject
Project("{FAE04EC0-301F-11D3-BF4B-00C04F79EFBC}") = "one.Data", "one.Models\one.Data.csproj", "{413DB0FE-E3AA-4D6E-B58E-520AAAB12F12}"
EndProject
Project("{FAE04EC0-301F-11D3-BF4B-00C04F79EFBC}") = "one.Service", "one.service\one.Service.csproj", "{D1092CBA-48DD-43B3-A19E-92FB470973A4}"
EndProject
Project("{FAE04EC0-301F-11D3-BF4B-00C04F79EFBC}") = "one.Infras", "one.Infras\one.Infras.csproj", "{A812FC5F-6EA0-4FB9-A335-ECD440CD5E5F}"
EndProject
Project("{FAE04EC0-301F-11D3-BF4B-00C04F79EFBC}") = "AppApi", "AppApi\AppApi.csproj", "{9155C115-47B5-4693-8269-8DE92A6104C4}"
EndProject
Project("{FAE04EC0-301F-11D3-BF4B-00C04F79EFBC}") = "HttpCheck", "HttpCheck\HttpCheck.csproj", "{5BE3CC4F-4E9B-46B2-A67F-B0E8738FA823}"
EndProject
Project("{FAE04EC0-301F-11D3-BF4B-00C04F79EFBC}") = "cmd", "cmd\cmd.csproj", "{B82BB262-383E-47AA-B950-D376893099BE}"
EndProject
Project("{2150E333-8FDC-42A3-9474-1A3956D46DE8}") = "sss", "sss", "{78A46E59-6AA5-481F-9294-20B4473DC048}"
EndProject
Project("{FAE04EC0-301F-11D3-BF4B-00C04F79EFBC}") = "one.Auth", "one.Auth\one.Auth.csproj", "{2A0DA856-C56C-4FEE-BEB2-63BB277A8C34}"
EndProject
Global
	GlobalSection(SolutionConfigurationPlatforms) = preSolution
		Debug|Any CPU = Debug|Any CPU
		Release|Any CPU = Release|Any CPU
	EndGlobalSection
	GlobalSection(ProjectConfigurationPlatforms) = postSolution
		{F35F582B-CE39-4CD4-9AAE-991FA00A7C5B}.Debug|Any CPU.ActiveCfg = Debug|Any CPU
		{F35F582B-CE39-4CD4-9AAE-991FA00A7C5B}.Debug|Any CPU.Build.0 = Debug|Any CPU
		{F35F582B-CE39-4CD4-9AAE-991FA00A7C5B}.Release|Any CPU.ActiveCfg = Release|Any CPU
		{F35F582B-CE39-4CD4-9AAE-991FA00A7C5B}.Release|Any CPU.Build.0 = Release|Any CPU
		{C682A8E3-2001-469F-94F3-34FCDA9084C4}.Debug|Any CPU.ActiveCfg = Debug|Any CPU
		{C682A8E3-2001-469F-94F3-34FCDA9084C4}.Debug|Any CPU.Build.0 = Debug|Any CPU
		{C682A8E3-2001-469F-94F3-34FCDA9084C4}.Release|Any CPU.ActiveCfg = Release|Any CPU
		{C682A8E3-2001-469F-94F3-34FCDA9084C4}.Release|Any CPU.Build.0 = Release|Any CPU
		{78718A1C-2845-4909-84A6-5B66A55567E9}.Debug|Any CPU.ActiveCfg = Debug|Any CPU
		{78718A1C-2845-4909-84A6-5B66A55567E9}.Debug|Any CPU.Build.0 = Debug|Any CPU
		{78718A1C-2845-4909-84A6-5B66A55567E9}.Release|Any CPU.ActiveCfg = Release|Any CPU
		{78718A1C-2845-4909-84A6-5B66A55567E9}.Release|Any CPU.Build.0 = Release|Any CPU
		{413DB0FE-E3AA-4D6E-B58E-520AAAB12F12}.Debug|Any CPU.ActiveCfg = Debug|Any CPU
		{413DB0FE-E3AA-4D6E-B58E-520AAAB12F12}.Debug|Any CPU.Build.0 = Debug|Any CPU
		{413DB0FE-E3AA-4D6E-B58E-520AAAB12F12}.Release|Any CPU.ActiveCfg = Release|Any CPU
		{413DB0FE-E3AA-4D6E-B58E-520AAAB12F12}.Release|Any CPU.Build.0 = Release|Any CPU
		{D1092CBA-48DD-43B3-A19E-92FB470973A4}.Debug|Any CPU.ActiveCfg = Debug|Any CPU
		{D1092CBA-48DD-43B3-A19E-92FB470973A4}.Debug|Any CPU.Build.0 = Debug|Any CPU
		{D1092CBA-48DD-43B3-A19E-92FB470973A4}.Release|Any CPU.ActiveCfg = Release|Any CPU
		{D1092CBA-48DD-43B3-A19E-92FB470973A4}.Release|Any CPU.Build.0 = Release|Any CPU
		{A812FC5F-6EA0-4FB9-A335-ECD440CD5E5F}.Debug|Any CPU.ActiveCfg = Debug|Any CPU
		{A812FC5F-6EA0-4FB9-A335-ECD440CD5E5F}.Debug|Any CPU.Build.0 = Debug|Any CPU
		{A812FC5F-6EA0-4FB9-A335-ECD440CD5E5F}.Release|Any CPU.ActiveCfg = Release|Any CPU
		{A812FC5F-6EA0-4FB9-A335-ECD440CD5E5F}.Release|Any CPU.Build.0 = Release|Any CPU
		{9155C115-47B5-4693-8269-8DE92A6104C4}.Debug|Any CPU.ActiveCfg = Debug|Any CPU
		{9155C115-47B5-4693-8269-8DE92A6104C4}.Debug|Any CPU.Build.0 = Debug|Any CPU
		{9155C115-47B5-4693-8269-8DE92A6104C4}.Release|Any CPU.ActiveCfg = Release|Any CPU
		{9155C115-47B5-4693-8269-8DE92A6104C4}.Release|Any CPU.Build.0 = Release|Any CPU
		{5BE3CC4F-4E9B-46B2-A67F-B0E8738FA823}.Debug|Any CPU.ActiveCfg = Debug|Any CPU
		{5BE3CC4F-4E9B-46B2-A67F-B0E8738FA823}.Debug|Any CPU.Build.0 = Debug|Any CPU
		{5BE3CC4F-4E9B-46B2-A67F-B0E8738FA823}.Release|Any CPU.ActiveCfg = Release|Any CPU
		{5BE3CC4F-4E9B-46B2-A67F-B0E8738FA823}.Release|Any CPU.Build.0 = Release|Any CPU
		{B82BB262-383E-47AA-B950-D376893099BE}.Debug|Any CPU.ActiveCfg = Debug|Any CPU
		{B82BB262-383E-47AA-B950-D376893099BE}.Debug|Any CPU.Build.0 = Debug|Any CPU
		{B82BB262-383E-47AA-B950-D376893099BE}.Release|Any CPU.ActiveCfg = Release|Any CPU
		{B82BB262-383E-47AA-B950-D376893099BE}.Release|Any CPU.Build.0 = Release|Any CPU
		{2A0DA856-C56C-4FEE-BEB2-63BB277A8C34}.Debug|Any CPU.ActiveCfg = Debug|Any CPU
		{2A0DA856-C56C-4FEE-BEB2-63BB277A8C34}.Debug|Any CPU.Build.0 = Debug|Any CPU
		{2A0DA856-C56C-4FEE-BEB2-63BB277A8C34}.Release|Any CPU.ActiveCfg = Release|Any CPU
		{2A0DA856-C56C-4FEE-BEB2-63BB277A8C34}.Release|Any CPU.Build.0 = Release|Any CPU
	EndGlobalSection
	GlobalSection(SolutionProperties) = preSolution
		HideSolutionNode = FALSE
	EndGlobalSection
	GlobalSection(ExtensibilityGlobals) = postSolution
		SolutionGuid = {6B36A8A1-4EE6-473C-987B-08CA256AB430}
	EndGlobalSection
EndGlobal
